<?xml version="1.0" encoding="utf-8"?>
<Project ToolsVersion="4.0" xmlns="http://schemas.microsoft.com/developer/msbuild/2003">
  <ItemGroup>
    <Filter Include="源文件">
      <UniqueIdentifier>{4FC737F1-C7A5-4376-A066-2A32D752A2FF}</UniqueIdentifier>
      <Extensions>cpp;c;cc;cxx;c++;cppm;ixx;def;odl;idl;hpj;bat;asm;asmx</Extensions>
    </Filter>
    <Filter Include="头文件">
      <UniqueIdentifier>{93995380-89BD-4b04-88EB-625FBE52EBFB}</UniqueIdentifier>
      <Extensions>h;hh;hpp;hxx;h++;hm;inl;inc;ipp;xsd</Extensions>
    </Filter>
    <Filter Include="资源文件">
      <UniqueIdentifier>{67DA6AB6-F800-4c08-8B7A-83BB121AAD01}</UniqueIdentifier>
      <Extensions>rc;ico;cur;bmp;dlg;rc2;rct;bin;rgs;gif;jpg;jpeg;jpe;resx;tiff;tif;png;wav;mfcribbon-ms</Extensions>
    </Filter>
    <Filter Include="others">
      <UniqueIdentifier>{f6d98d19-71d9-4e3a-98eb-972747730dba}</UniqueIdentifier>
    </Filter>
  </ItemGroup>
  <ItemGroup>
    <ClInclude Include="Work.h">
      <Filter>头文件</Filter>
    </ClInclude>
    <ClInclude Include="WorkDlg.h">
      <Filter>头文件</Filter>
    </ClInclude>
    <ClInclude Include="framework.h">
      <Filter>头文件</Filter>
    </ClInclude>
    <ClInclude Include="targetver.h">
      <Filter>头文件</Filter>
    </ClInclude>
    <ClInclude Include="Resource.h">
      <Filter>头文件</Filter>
    </ClInclude>
    <ClInclude Include="pch.h">
      <Filter>头文件</Filter>
    </ClInclude>
    <ClInclude Include="json.hpp">
      <Filter>others</Filter>
    </ClInclude>
    <ClInclude Include="TemplateManager.h">
      <Filter>头文件</Filter>
    </ClInclude>
    <ClInclude Include="ReportBase.h">
      <Filter>头文件</Filter>
    </ClInclude>
    <ClInclude Include="DailyReport.h">
      <Filter>头文件</Filter>
    </ClInclude>
    <ClInclude Include="ReportStorage.h">
      <Filter>头文件</Filter>
    </ClInclude>
    <ClInclude Include="ReportManager.h">
      <Filter>头文件</Filter>
    </ClInclude>
    <ClInclude Include="MailSender.h">
      <Filter>头文件</Filter>
    </ClInclude>
    <ClInclude Include="WeekReport.h">
      <Filter>头文件</Filter>
    </ClInclude>
    <ClInclude Include="Contact.h">
      <Filter>头文件</Filter>
    </ClInclude>
  </ItemGroup>
  <ItemGroup>
    <ClCompile Include="Work.cpp">
      <Filter>源文件</Filter>
    </ClCompile>
    <ClCompile Include="WorkDlg.cpp">
      <Filter>源文件</Filter>
    </ClCompile>
    <ClCompile Include="pch.cpp">
      <Filter>源文件</Filter>
    </ClCompile>
    <ClCompile Include="TemplateManager.cpp">
      <Filter>源文件</Filter>
    </ClCompile>
    <ClCompile Include="ReportBase.cpp">
      <Filter>源文件</Filter>
    </ClCompile>
    <ClCompile Include="DailyReport.cpp">
      <Filter>源文件</Filter>
    </ClCompile>
    <ClCompile Include="ReportStorage.cpp">
      <Filter>源文件</Filter>
    </ClCompile>
    <ClCompile Include="ReportManager.cpp">
      <Filter>源文件</Filter>
    </ClCompile>
    <ClCompile Include="MailSender.cpp">
      <Filter>源文件</Filter>
    </ClCompile>
    <ClCompile Include="WeekReport.cpp">
      <Filter>源文件</Filter>
    </ClCompile>
    <ClCompile Include="Contact.cpp">
      <Filter>源文件</Filter>
    </ClCompile>
  </ItemGroup>
  <ItemGroup>
    <ResourceCompile Include="Work.rc">
      <Filter>资源文件</Filter>
    </ResourceCompile>
  </ItemGroup>
  <ItemGroup>
    <None Include="res\Work.rc2">
      <Filter>资源文件</Filter>
    </None>
  </ItemGroup>
  <ItemGroup>
    <Image Include="res\Work.ico">
      <Filter>资源文件</Filter>
    </Image>
  </ItemGroup>
</Project>